<?xml version="1.0" encoding="utf-8"?>
<Project ToolsVersion="4.0" xmlns="http://schemas.microsoft.com/developer/msbuild/2003">
  <ItemGroup>
    <ClCompile Include="stdafx.cpp" />
    <ClCompile Include="main.cpp" />
    <ClCompile Include="Frustum.cpp">
      <Filter>Framework</Filter>
    </ClCompile>
    <ClCompile Include="Sky.cpp">
      <Filter>Framework</Filter>
    </ClCompile>
    <ClCompile Include="Log.cpp">
      <Filter>Framework\Core</Filter>
    </ClCompile>
    <ClCompile Include="PlayerParty.cpp">
      <Filter>Game\_OLD</Filter>
    </ClCompile>
    <ClCompile Include="Map.cpp">
      <Filter>Game\_OLD</Filter>
    </ClCompile>
    <ClCompile Include="Tile.cpp">
      <Filter>Game\_OLD</Filter>
    </ClCompile>
    <ClCompile Include="GameAdventure.cpp">
      <Filter>Game\_OLD\State\Adventure</Filter>
    </ClCompile>
    <ClCompile Include="FreeCamera.cpp">
      <Filter>Framework\Camera</Filter>
    </ClCompile>
    <ClCompile Include="PlayerTurnCamera.cpp">
      <Filter>Framework\Camera</Filter>
    </ClCompile>
    <ClCompile Include="WorldAdventure.cpp">
      <Filter>Game\_OLD\State\Adventure\World</Filter>
    </ClCompile>
    <ClCompile Include="GameApp.cpp">
      <Filter>Game</Filter>
    </ClCompile>
    <ClCompile Include="DataManager.cpp">
      <Filter>Game\Data</Filter>
    </ClCompile>
    <ClCompile Include="ResourceManager.cpp">
      <Filter>Game\Data</Filter>
    </ClCompile>
    <ClCompile Include="GameBattleState.cpp">
      <Filter>Game\State\Battle</Filter>
    </ClCompile>
    <ClCompile Include="GameBattleView.cpp">
      <Filter>Game\State\Battle</Filter>
    </ClCompile>
    <ClCompile Include="GameBattleRules.cpp">
      <Filter>Game\State\Battle</Filter>
    </ClCompile>
    <ClCompile Include="GameBattlePlayerMenu.cpp">
      <Filter>Game\State\Battle</Filter>
    </ClCompile>
    <ClCompile Include="Creature.cpp">
      <Filter>Game\RPG</Filter>
    </ClCompile>
    <ClCompile Include="Player.cpp">
      <Filter>Game\RPG</Filter>
    </ClCompile>
    <ClCompile Include="EnemyTemplate.cpp">
      <Filter>Game\RPG</Filter>
    </ClCompile>
  </ItemGroup>
  <ItemGroup>
    <ClInclude Include="stdafx.h" />
    <ClInclude Include="Frustum.h">
      <Filter>Framework</Filter>
    </ClInclude>
    <ClInclude Include="Sky.h">
      <Filter>Framework</Filter>
    </ClInclude>
    <ClInclude Include="Base.h">
      <Filter>Framework\Base</Filter>
    </ClInclude>
    <ClInclude Include="DebugNew.h">
      <Filter>Framework\Base</Filter>
    </ClInclude>
    <ClInclude Include="Log.h">
      <Filter>Framework\Core</Filter>
    </ClInclude>
    <ClInclude Include="EngineMath.h">
      <Filter>Framework\Core</Filter>
    </ClInclude>
    <ClInclude Include="PlayerParty.h">
      <Filter>Game\_OLD</Filter>
    </ClInclude>
    <ClInclude Include="Map.h">
      <Filter>Game\_OLD</Filter>
    </ClInclude>
    <ClInclude Include="Tile.h">
      <Filter>Game\_OLD</Filter>
    </ClInclude>
    <ClInclude Include="GameAdventure.h">
      <Filter>Game\_OLD\State\Adventure</Filter>
    </ClInclude>
    <ClInclude Include="ConfigDefine.h" />
    <ClInclude Include="NonCopyable.h">
      <Filter>Framework\Base</Filter>
    </ClInclude>
    <ClInclude Include="FreeCamera.h">
      <Filter>Framework\Camera</Filter>
    </ClInclude>
    <ClInclude Include="PlayerTurnCamera.h">
      <Filter>Framework\Camera</Filter>
    </ClInclude>
    <ClInclude Include="IGameCamera.h">
      <Filter>Framework\Camera</Filter>
    </ClInclude>
    <ClInclude Include="WorldAdventure.h">
      <Filter>Game\_OLD\State\Adventure\World</Filter>
    </ClInclude>
    <ClInclude Include="GameApp.h">
      <Filter>Game</Filter>
    </ClInclude>
    <ClInclude Include="DataManager.h">
      <Filter>Game\Data</Filter>
    </ClInclude>
    <ClInclude Include="ResourceManager.h">
      <Filter>Game\Data</Filter>
    </ClInclude>
    <ClInclude Include="GameBattleState.h">
      <Filter>Game\State\Battle</Filter>
    </ClInclude>
    <ClInclude Include="BattleCore.h">
      <Filter>Game\State\Battle</Filter>
    </ClInclude>
    <ClInclude Include="GameBattleView.h">
      <Filter>Game\State\Battle</Filter>
    </ClInclude>
    <ClInclude Include="GameBattleRules.h">
      <Filter>Game\State\Battle</Filter>
    </ClInclude>
    <ClInclude Include="GameBattlePlayerMenu.h">
      <Filter>Game\State\Battle</Filter>
    </ClInclude>
    <ClInclude Include="Creature.h">
      <Filter>Game\RPG</Filter>
    </ClInclude>
    <ClInclude Include="Enemy.h">
      <Filter>Game\RPG\old</Filter>
    </ClInclude>
    <ClInclude Include="Hero.h">
      <Filter>Game\RPG\old</Filter>
    </ClInclude>
    <ClInclude Include="Stats.h">
      <Filter>Game\RPG\old</Filter>
    </ClInclude>
    <ClInclude Include="Player.h">
      <Filter>Game\RPG</Filter>
    </ClInclude>
    <ClInclude Include="EnemyTemplate.h">
      <Filter>Game\RPG</Filter>
    </ClInclude>
  </ItemGroup>
  <ItemGroup>
    <Filter Include="Game">
      <UniqueIdentifier>{b903b1c5-8d84-47e3-b210-df120b397669}</UniqueIdentifier>
    </Filter>
    <Filter Include="Game\_OLD">
      <UniqueIdentifier>{b5ec1bda-790e-486d-8290-e3eb7513c743}</UniqueIdentifier>
    </Filter>
    <Filter Include="Game\_OLD\State">
      <UniqueIdentifier>{33351ee0-f6b7-4fd4-84aa-a0b311d96033}</UniqueIdentifier>
    </Filter>
    <Filter Include="Game\_OLD\State\Adventure">
      <UniqueIdentifier>{ea90e9e2-121e-4f58-bf54-77067996d3d4}</UniqueIdentifier>
    </Filter>
    <Filter Include="Game\_OLD\State\Adventure\World">
      <UniqueIdentifier>{3fe34853-30de-449c-855d-ce49c7845cbd}</UniqueIdentifier>
    </Filter>
    <Filter Include="Game\Data">
      <UniqueIdentifier>{5a723fba-d12a-41fe-93ce-462590530007}</UniqueIdentifier>
    </Filter>
    <Filter Include="Game\State">
      <UniqueIdentifier>{0e2827a1-dfe0-4cb6-8d0c-88b2602a8ce0}</UniqueIdentifier>
    </Filter>
    <Filter Include="Framework">
      <UniqueIdentifier>{ffcc11f5-d7b0-418e-8e21-b20065f6cfe3}</UniqueIdentifier>
    </Filter>
    <Filter Include="Framework\Base">
      <UniqueIdentifier>{fd61a4e8-a2af-4aa5-bb37-489b94604bea}</UniqueIdentifier>
    </Filter>
    <Filter Include="Framework\Core">
      <UniqueIdentifier>{02c60f5e-1f80-4955-beaf-7fc43f3c62d3}</UniqueIdentifier>
    </Filter>
    <Filter Include="Framework\Camera">
      <UniqueIdentifier>{a0012e67-0be8-40da-9bdf-c87d67f22863}</UniqueIdentifier>
    </Filter>
    <Filter Include="Game\Data\DataType">
      <UniqueIdentifier>{5855cbff-9093-46ce-b76e-ca6cde431f4e}</UniqueIdentifier>
    </Filter>
    <Filter Include="Game\State\Battle">
      <UniqueIdentifier>{4a2615ff-3f0a-4c01-a6d7-a9546368f51b}</UniqueIdentifier>
    </Filter>
    <Filter Include="Game\RPG">
      <UniqueIdentifier>{6144f92b-f8b4-4eba-8687-e8528ad7c911}</UniqueIdentifier>
    </Filter>
    <Filter Include="Game\RPG\old">
      <UniqueIdentifier>{2be3f2e6-00db-4f40-8459-f136871ce9e4}</UniqueIdentifier>
    </Filter>
  </ItemGroup>
</Project>