<?xml version="1.0" encoding="utf-8"?>
<Project ToolsVersion="4.0" xmlns="http://schemas.microsoft.com/developer/msbuild/2003">
  <ItemGroup>
    <ClCompile Include="main.cpp" />
    <ClCompile Include="stdafx.cpp" />
    <ClCompile Include="World.cpp">
      <Filter>World</Filter>
    </ClCompile>
    <ClCompile Include="Map.cpp">
      <Filter>World</Filter>
    </ClCompile>
    <ClCompile Include="ResourceManager.cpp">
      <Filter>Data</Filter>
    </ClCompile>
    <ClCompile Include="Character.cpp">
      <Filter>RPG</Filter>
    </ClCompile>
    <ClCompile Include="PlayerParty.cpp">
      <Filter>RPG</Filter>
    </ClCompile>
    <ClCompile Include="Enemy.cpp">
      <Filter>RPG</Filter>
    </ClCompile>
    <ClCompile Include="EnemyParty.cpp">
      <Filter>RPG</Filter>
    </ClCompile>
    <ClCompile Include="FreeCamera.cpp">
      <Filter>World\Camera</Filter>
    </ClCompile>
    <ClCompile Include="PlayerTurnCamera.cpp">
      <Filter>World\Camera</Filter>
    </ClCompile>
    <ClCompile Include="GameEnvironment.cpp">
      <Filter>World</Filter>
    </ClCompile>
    <ClCompile Include="Sky.cpp">
      <Filter>Graphics</Filter>
    </ClCompile>
    <ClCompile Include="BattleEngine.cpp">
      <Filter>Battle</Filter>
    </ClCompile>
    <ClCompile Include="Tile.cpp">
      <Filter>World</Filter>
    </ClCompile>
    <ClCompile Include="BattlePlayerAction.cpp">
      <Filter>Battle</Filter>
    </ClCompile>
    <ClCompile Include="BattleCell.cpp">
      <Filter>Battle</Filter>
    </ClCompile>
    <ClCompile Include="Game.cpp">
      <Filter>Game</Filter>
    </ClCompile>
    <ClCompile Include="OldGame.cpp">
      <Filter>Game</Filter>
    </ClCompile>
    <ClCompile Include="GameScenes.cpp">
      <Filter>Game</Filter>
    </ClCompile>
    <ClCompile Include="IntroScene.cpp">
      <Filter>Game\GameModule</Filter>
    </ClCompile>
    <ClCompile Include="MainMenuScene.cpp">
      <Filter>Game\GameModule</Filter>
    </ClCompile>
    <ClCompile Include="NewGameScene.cpp">
      <Filter>Game\GameModule</Filter>
    </ClCompile>
    <ClCompile Include="SaveLoadScene.cpp">
      <Filter>Game\GameModule</Filter>
    </ClCompile>
    <ClCompile Include="EndingScene.cpp">
      <Filter>Game\GameModule</Filter>
    </ClCompile>
    <ClCompile Include="Overworld.cpp">
      <Filter>Game\GameModule\Playfield</Filter>
    </ClCompile>
    <ClCompile Include="Level.cpp">
      <Filter>Game\GameModule\Playfield</Filter>
    </ClCompile>
  </ItemGroup>
  <ItemGroup>
    <ClInclude Include="stdafx.h" />
    <ClInclude Include="World.h">
      <Filter>World</Filter>
    </ClInclude>
    <ClInclude Include="Map.h">
      <Filter>World</Filter>
    </ClInclude>
    <ClInclude Include="ResourceManager.h">
      <Filter>Data</Filter>
    </ClInclude>
    <ClInclude Include="Character.h">
      <Filter>RPG</Filter>
    </ClInclude>
    <ClInclude Include="PlayerParty.h">
      <Filter>RPG</Filter>
    </ClInclude>
    <ClInclude Include="Enemy.h">
      <Filter>RPG</Filter>
    </ClInclude>
    <ClInclude Include="EnemyParty.h">
      <Filter>RPG</Filter>
    </ClInclude>
    <ClInclude Include="IGameCamera.h">
      <Filter>World\Camera</Filter>
    </ClInclude>
    <ClInclude Include="FreeCamera.h">
      <Filter>World\Camera</Filter>
    </ClInclude>
    <ClInclude Include="PlayerTurnCamera.h">
      <Filter>World\Camera</Filter>
    </ClInclude>
    <ClInclude Include="GameEnvironment.h">
      <Filter>World</Filter>
    </ClInclude>
    <ClInclude Include="Sky.h">
      <Filter>Graphics</Filter>
    </ClInclude>
    <ClInclude Include="BattleEngine.h">
      <Filter>Battle</Filter>
    </ClInclude>
    <ClInclude Include="Tile.h">
      <Filter>World</Filter>
    </ClInclude>
    <ClInclude Include="Stats.h">
      <Filter>RPG</Filter>
    </ClInclude>
    <ClInclude Include="BattlePlayerAction.h">
      <Filter>Battle</Filter>
    </ClInclude>
    <ClInclude Include="BattleCore.h">
      <Filter>Battle</Filter>
    </ClInclude>
    <ClInclude Include="BattleCell.h">
      <Filter>Battle</Filter>
    </ClInclude>
    <ClInclude Include="ConfigDefine.h">
      <Filter>Game</Filter>
    </ClInclude>
    <ClInclude Include="Game.h">
      <Filter>Game</Filter>
    </ClInclude>
    <ClInclude Include="OldGame.h">
      <Filter>Game</Filter>
    </ClInclude>
    <ClInclude Include="GameFrame.h">
      <Filter>Game</Filter>
    </ClInclude>
    <ClInclude Include="GameScenes.h">
      <Filter>Game</Filter>
    </ClInclude>
    <ClInclude Include="IGameModule.h">
      <Filter>Game</Filter>
    </ClInclude>
    <ClInclude Include="IntroScene.h">
      <Filter>Game\GameModule</Filter>
    </ClInclude>
    <ClInclude Include="MainMenuScene.h">
      <Filter>Game\GameModule</Filter>
    </ClInclude>
    <ClInclude Include="NewGameScene.h">
      <Filter>Game\GameModule</Filter>
    </ClInclude>
    <ClInclude Include="SaveLoadScene.h">
      <Filter>Game\GameModule</Filter>
    </ClInclude>
    <ClInclude Include="EndingScene.h">
      <Filter>Game\GameModule</Filter>
    </ClInclude>
    <ClInclude Include="Overworld.h">
      <Filter>Game\GameModule\Playfield</Filter>
    </ClInclude>
    <ClInclude Include="Level.h">
      <Filter>Game\GameModule\Playfield</Filter>
    </ClInclude>
  </ItemGroup>
  <ItemGroup>
    <Filter Include="World">
      <UniqueIdentifier>{225f0dcd-14e4-4dc7-942c-342095031a1e}</UniqueIdentifier>
    </Filter>
    <Filter Include="Battle">
      <UniqueIdentifier>{9ddda3b1-60af-4448-96a4-71e8766ca942}</UniqueIdentifier>
    </Filter>
    <Filter Include="RPG">
      <UniqueIdentifier>{a32976f2-a461-4254-bef2-6a2b00f5f26a}</UniqueIdentifier>
    </Filter>
    <Filter Include="Data">
      <UniqueIdentifier>{9670b283-9773-4f05-ba9c-3aa7fc094dc4}</UniqueIdentifier>
    </Filter>
    <Filter Include="World\Camera">
      <UniqueIdentifier>{6da80a9b-706f-4be5-9164-8ee15167750a}</UniqueIdentifier>
    </Filter>
    <Filter Include="Graphics">
      <UniqueIdentifier>{5788410c-e8d0-4de0-9d5a-64d2af155c69}</UniqueIdentifier>
    </Filter>
    <Filter Include="Game">
      <UniqueIdentifier>{4383e622-04a8-4b64-8cb8-d242fec74914}</UniqueIdentifier>
    </Filter>
    <Filter Include="Game\GameModule">
      <UniqueIdentifier>{bd2eb464-1305-46ac-8fdd-22156792f911}</UniqueIdentifier>
    </Filter>
    <Filter Include="Game\GameModule\Playfield">
      <UniqueIdentifier>{1fb5a8a4-92e1-4185-b9b7-4b3bfbba72b5}</UniqueIdentifier>
    </Filter>
  </ItemGroup>
</Project>