<?xml version="1.0" encoding="utf-8"?>
<Project ToolsVersion="4.0" xmlns="http://schemas.microsoft.com/developer/msbuild/2003">
  <ItemGroup>
    <ClCompile Include="main.cpp" />
    <ClCompile Include="stdafx.cpp" />
    <ClCompile Include="PlayerGameCamera3D.cpp">
      <Filter>World</Filter>
    </ClCompile>
    <ClCompile Include="GameLogic3D.cpp" />
    <ClCompile Include="World.cpp">
      <Filter>World</Filter>
    </ClCompile>
    <ClCompile Include="Player.cpp">
      <Filter>World</Filter>
    </ClCompile>
    <ClCompile Include="Map.cpp">
      <Filter>World</Filter>
    </ClCompile>
  </ItemGroup>
  <ItemGroup>
    <ClInclude Include="stdafx.h" />
    <ClInclude Include="PlayerGameCamera3D.h">
      <Filter>World</Filter>
    </ClInclude>
    <ClInclude Include="GameLogic3D.h" />
    <ClInclude Include="ConfigDefine.h" />
    <ClInclude Include="World.h">
      <Filter>World</Filter>
    </ClInclude>
    <ClInclude Include="Player.h">
      <Filter>World</Filter>
    </ClInclude>
    <ClInclude Include="Map.h">
      <Filter>World</Filter>
    </ClInclude>
  </ItemGroup>
  <ItemGroup>
    <Filter Include="World">
      <UniqueIdentifier>{225f0dcd-14e4-4dc7-942c-342095031a1e}</UniqueIdentifier>
    </Filter>
    <Filter Include="Battle">
      <UniqueIdentifier>{9ddda3b1-60af-4448-96a4-71e8766ca942}</UniqueIdentifier>
    </Filter>
    <Filter Include="RPG">
      <UniqueIdentifier>{a32976f2-a461-4254-bef2-6a2b00f5f26a}</UniqueIdentifier>
    </Filter>
    <Filter Include="GameUI">
      <UniqueIdentifier>{a4b02d7c-2c40-4d64-a968-715e25f19c07}</UniqueIdentifier>
    </Filter>
  </ItemGroup>
</Project>