<?xml version="1.0" encoding="utf-8"?>
<Project ToolsVersion="4.0" xmlns="http://schemas.microsoft.com/developer/msbuild/2003">
  <ItemGroup>
    <ClCompile Include="stdafx.cpp" />
    <ClCompile Include="Core.cpp">
      <Filter>Core</Filter>
    </ClCompile>
    <ClCompile Include="Engine.cpp" />
    <ClCompile Include="Frustum.cpp" />
    <ClCompile Include="EngineMath.cpp">
      <Filter>Core</Filter>
    </ClCompile>
  </ItemGroup>
  <ItemGroup>
    <ClInclude Include="stdafx.h" />
    <ClInclude Include="Base.h">
      <Filter>Base</Filter>
    </ClInclude>
    <ClInclude Include="DebugNew.h">
      <Filter>Base</Filter>
    </ClInclude>
    <ClInclude Include="Core.h">
      <Filter>Core</Filter>
    </ClInclude>
    <ClInclude Include="Engine.h" />
    <ClInclude Include="Frustum.h" />
    <ClInclude Include="EngineMath.h">
      <Filter>Core</Filter>
    </ClInclude>
  </ItemGroup>
  <ItemGroup>
    <Filter Include="Base">
      <UniqueIdentifier>{f2fbfa3a-773f-48e0-a592-099ea32be48b}</UniqueIdentifier>
    </Filter>
    <Filter Include="Core">
      <UniqueIdentifier>{9add766f-18ae-41ba-9dfc-34838f0fca14}</UniqueIdentifier>
    </Filter>
  </ItemGroup>
</Project>